
Microsoft Visual Studio Solution File, Format Version 12.00
# Visual Studio Version 17
VisualStudioVersion = 17.0.31912.275
MinimumVisualStudioVersion = 10.0.40219.1
Project("{FAE04EC0-301F-11D3-BF4B-00C04F79EFBC}") = "Facade", "Facade\Facade.csproj", "{2EA8820A-18A9-4398-8728-35B55367537B}"
EndProject
Global
	GlobalSection(SolutionConfigurationPlatforms) = preSolution
		Debug|Any CPU = Debug|Any CPU
		Release|Any CPU = Release|Any CPU
	EndGlobalSection
	GlobalSection(ProjectConfigurationPlatforms) = postSolution
		{2EA8820A-18A9-4398-8728-35B55367537B}.Debug|Any CPU.ActiveCfg = Debug|Any CPU
		{2EA8820A-18A9-4398-8728-35B55367537B}.Debug|Any CPU.Build.0 = Debug|Any CPU
		{2EA8820A-18A9-4398-8728-35B55367537B}.Release|Any CPU.ActiveCfg = Release|Any CPU
		{2EA8820A-18A9-4398-8728-35B55367537B}.Release|Any CPU.Build.0 = Release|Any CPU
	EndGlobalSection
	GlobalSection(SolutionProperties) = preSolution
		HideSolutionNode = FALSE
	EndGlobalSection
	GlobalSection(ExtensibilityGlobals) = postSolution
		SolutionGuid = {71DF9820-470D-450C-99EE-D5C3E94C6532}
	EndGlobalSection
EndGlobal
