
Microsoft Visual Studio Solution File, Format Version 12.00
# Visual Studio Version 17
VisualStudioVersion = 17.0.31912.275
MinimumVisualStudioVersion = 10.0.40219.1
Project("{FAE04EC0-301F-11D3-BF4B-00C04F79EFBC}") = "Iterator", "Iterator\Iterator.csproj", "{18E2BE7A-FF9B-4002-B1AF-1650A94D6EB5}"
EndProject
Global
	GlobalSection(SolutionConfigurationPlatforms) = preSolution
		Debug|Any CPU = Debug|Any CPU
		Release|Any CPU = Release|Any CPU
	EndGlobalSection
	GlobalSection(ProjectConfigurationPlatforms) = postSolution
		{18E2BE7A-FF9B-4002-B1AF-1650A94D6EB5}.Debug|Any CPU.ActiveCfg = Debug|Any CPU
		{18E2BE7A-FF9B-4002-B1AF-1650A94D6EB5}.Debug|Any CPU.Build.0 = Debug|Any CPU
		{18E2BE7A-FF9B-4002-B1AF-1650A94D6EB5}.Release|Any CPU.ActiveCfg = Release|Any CPU
		{18E2BE7A-FF9B-4002-B1AF-1650A94D6EB5}.Release|Any CPU.Build.0 = Release|Any CPU
	EndGlobalSection
	GlobalSection(SolutionProperties) = preSolution
		HideSolutionNode = FALSE
	EndGlobalSection
	GlobalSection(ExtensibilityGlobals) = postSolution
		SolutionGuid = {CD251149-36B5-497F-9CBA-1B0A5875C32A}
	EndGlobalSection
EndGlobal
